// !$*UTF8*$!
{
	archiveVersion = 1;
	classes = {
	};
	objectVersion = 50;
	objects = {

/* Begin PBXBuildFile section */
		F10108EF24C658A300E7AE63 /* AppDelegate.swift in Sources */ = {isa = PBXBuildFile; fileRef = F10108EE24C658A300E7AE63 /* AppDelegate.swift */; };
		F10108F124C658A300E7AE63 /* ViewController.swift in Sources */ = {isa = PBXBuildFile; fileRef = F10108F024C658A300E7AE63 /* ViewController.swift */; };
		F10108F424C658A300E7AE63 /* Main.storyboard in Resources */ = {isa = PBXBuildFile; fileRef = F10108F224C658A300E7AE63 /* Main.storyboard */; };
		F10108F624C658A300E7AE63 /* Assets.xcassets in Resources */ = {isa = PBXBuildFile; fileRef = F10108F524C658A300E7AE63 /* Assets.xcassets */; };
		F10108F924C658A300E7AE63 /* LaunchScreen.storyboard in Resources */ = {isa = PBXBuildFile; fileRef = F10108F724C658A300E7AE63 /* LaunchScreen.storyboard */; };
		F101090724C66BB000E7AE63 /* logo-coruja-120x120.png in Resources */ = {isa = PBXBuildFile; fileRef = F101090624C66BB000E7AE63 /* logo-coruja-120x120.png */; };
/* End PBXBuildFile section */

/* Begin PBXFileReference section */
		F10108EB24C658A300E7AE63 /* QuoteOfTheDay.app */ = {isa = PBXFileReference; explicitFileType = wrapper.application; includeInIndex = 0; path = QuoteOfTheDay.app; sourceTree = BUILT_PRODUCTS_DIR; };
		F10108EE24C658A300E7AE63 /* AppDelegate.swift */ = {isa = PBXFileReference; lastKnownFileType = sourcecode.swift; path = AppDelegate.swift; sourceTree = "<group>"; };
		F10108F024C658A300E7AE63 /* ViewController.swift */ = {isa = PBXFileReference; lastKnownFileType = sourcecode.swift; path = ViewController.swift; sourceTree = "<group>"; };
		F10108F324C658A300E7AE63 /* Base */ = {isa = PBXFileReference; lastKnownFileType = file.storyboard; name = Base; path = Base.lproj/Main.storyboard; sourceTree = "<group>"; };
		F10108F524C658A300E7AE63 /* Assets.xcassets */ = {isa = PBXFileReference; lastKnownFileType = folder.assetcatalog; path = Assets.xcassets; sourceTree = "<group>"; };
		F10108F824C658A300E7AE63 /* Base */ = {isa = PBXFileReference; lastKnownFileType = file.storyboard; name = Base; path = Base.lproj/LaunchScreen.storyboard; sourceTree = "<group>"; };
		F10108FA24C658A300E7AE63 /* Info.plist */ = {isa = PBXFileReference; lastKnownFileType = text.plist.xml; path = Info.plist; sourceTree = "<group>"; };
		F101090624C66BB000E7AE63 /* logo-coruja-120x120.png */ = {isa = PBXFileReference; lastKnownFileType = image.png; path = "logo-coruja-120x120.png"; sourceTree = "<group>"; };
/* End PBXFileReference section */

/* Begin PBXFrameworksBuildPhase section */
		F10108E824C658A300E7AE63 /* Frameworks */ = {
			isa = PBXFrameworksBuildPhase;
			buildActionMask = 2147483647;
			files = (
			);
			runOnlyForDeploymentPostprocessing = 0;
		};
/* End PBXFrameworksBuildPhase section */

/* Begin PBXGroup section */
		F10108E224C658A300E7AE63 = {
			isa = PBXGroup;
			children = (
				F10108ED24C658A300E7AE63 /* QuoteOfTheDay */,
				F10108EC24C658A300E7AE63 /* Products */,
			);
			sourceTree = "<group>";
		};
		F10108EC24C658A300E7AE63 /* Products */ = {
			isa = PBXGroup;
			children = (
				F10108EB24C658A300E7AE63 /* QuoteOfTheDay.app */,
			);
			name = Products;
			sourceTree = "<group>";
		};
		F10108ED24C658A300E7AE63 /* QuoteOfTheDay */ = {
			isa = PBXGroup;
			children = (
				F10108EE24C658A300E7AE63 /* AppDelegate.swift */,
				F10108F024C658A300E7AE63 /* ViewController.swift */,
				F10108F224C658A300E7AE63 /* Main.storyboard */,
				F10108F524C658A300E7AE63 /* Assets.xcassets */,
				F101090624C66BB000E7AE63 /* logo-coruja-120x120.png */,
				F10108F724C658A300E7AE63 /* LaunchScreen.storyboard */,
				F10108FA24C658A300E7AE63 /* Info.plist */,
			);
			path = QuoteOfTheDay;
			sourceTree = "<group>";
		};
/* End PBXGroup section */

/* Begin PBXNativeTarget section */
		F10108EA24C658A300E7AE63 /* QuoteOfTheDay */ = {
			isa = PBXNativeTarget;
			buildConfigurationList = F10108FD24C658A300E7AE63 /* Build configuration list for PBXNativeTarget "QuoteOfTheDay" */;
			buildPhases = (
				F10108E724C658A300E7AE63 /* Sources */,
				F10108E824C658A300E7AE63 /* Frameworks */,
				F10108E924C658A300E7AE63 /* Resources */,
			);
			buildRules = (
			);
			dependencies = (
			);
			name = QuoteOfTheDay;
			productName = QuoteOfTheDay;
			productReference = F10108EB24C658A300E7AE63 /* QuoteOfTheDay.app */;
			productType = "com.apple.product-type.application";
		};
/* End PBXNativeTarget section */

/* Begin PBXProject section */
		F10108E324C658A300E7AE63 /* Project object */ = {
			isa = PBXProject;
			attributes = {
				LastSwiftUpdateCheck = 1030;
				LastUpgradeCheck = 1030;
				ORGANIZATIONNAME = "Rhian Lopes da Costa";
				TargetAttributes = {
					F10108EA24C658A300E7AE63 = {
						CreatedOnToolsVersion = 10.3;
					};
				};
			};
			buildConfigurationList = F10108E624C658A300E7AE63 /* Build configuration list for PBXProject "QuoteOfTheDay" */;
			compatibilityVersion = "Xcode 9.3";
			developmentRegion = en;
			hasScannedForEncodings = 0;
			knownRegions = (
				en,
				Base,
			);
			mainGroup = F10108E224C658A300E7AE63;
			productRefGroup = F10108EC24C658A300E7AE63 /* Products */;
			projectDirPath = "";
			projectRoot = "";
			targets = (
				F10108EA24C658A300E7AE63 /* QuoteOfTheDay */,
			);
		};
/* End PBXProject section */

/* Begin PBXResourcesBuildPhase section */
		F10108E924C658A300E7AE63 /* Resources */ = {
			isa = PBXResourcesBuildPhase;
			buildActionMask = 2147483647;
			files = (
				F10108F924C658A300E7AE63 /* LaunchScreen.storyboard in Resources */,
				F10108F624C658A300E7AE63 /* Assets.xcassets in Resources */,
				F10108F424C658A300E7AE63 /* Main.storyboard in Resources */,
				F101090724C66BB000E7AE63 /* logo-coruja-120x120.png in Resources */,
			);
			runOnlyForDeploymentPostprocessing = 0;
		};
/* End PBXResourcesBuildPhase section */

/* Begin PBXSourcesBuildPhase section */
		F10108E724C658A300E7AE63 /* Sources */ = {
			isa = PBXSourcesBuildPhase;
			buildActionMask = 2147483647;
			files = (
				F10108F124C658A300E7AE63 /* ViewController.swift in Sources */,
				F10108EF24C658A300E7AE63 /* AppDelegate.swift in Sources */,
			);
			runOnlyForDeploymentPostprocessing = 0;
		};
/* End PBXSourcesBuildPhase section */

/* Begin PBXVariantGroup section */
		F10108F224C658A300E7AE63 /* Main.storyboard */ = {
			isa = PBXVariantGroup;
			children = (
				F10108F324C658A300E7AE63 /* Base */,
			);
			name = Main.storyboard;
			sourceTree = "<group>";
		};
		F10108F724C658A300E7AE63 /* LaunchScreen.storyboard */ = {
			isa = PBXVariantGroup;
			children = (
				F10108F824C658A300E7AE63 /* Base */,
			);
			name = LaunchScreen.storyboard;
			sourceTree = "<group>";
		};
/* End PBXVariantGroup section */

/* Begin XCBuildConfiguration section */
		F10108FB24C658A300E7AE63 /* Debug */ = {
			isa = XCBuildConfiguration;
			buildSettings = {
				ALWAYS_SEARCH_USER_PATHS = NO;
				CLANG_ANALYZER_NONNULL = YES;
				CLANG_ANALYZER_NUMBER_OBJECT_CONVERSION = YES_AGGRESSIVE;
				CLANG_CXX_LANGUAGE_STANDARD = "gnu++14";
				CLANG_CXX_LIBRARY = "libc++";
				CLANG_ENABLE_MODULES = YES;
				CLANG_ENABLE_OBJC_ARC = YES;
				CLANG_ENABLE_OBJC_WEAK = YES;
				CLANG_WARN_BLOCK_CAPTURE_AUTORELEASING = YES;
				CLANG_WARN_BOOL_CONVERSION = YES;
				CLANG_WARN_COMMA = YES;
				CLANG_WARN_CONSTANT_CONVERSION = YES;
				CLANG_WARN_DEPRECATED_OBJC_IMPLEMENTATIONS = YES;
				CLANG_WARN_DIRECT_OBJC_ISA_USAGE = YES_ERROR;
				CLANG_WARN_DOCUMENTATION_COMMENTS = YES;
				CLANG_WARN_EMPTY_BODY = YES;
				CLANG_WARN_ENUM_CONVERSION = YES;
				CLANG_WARN_INFINITE_RECURSION = YES;
				CLANG_WARN_INT_CONVERSION = YES;
				CLANG_WARN_NON_LITERAL_NULL_CONVERSION = YES;
				CLANG_WARN_OBJC_IMPLICIT_RETAIN_SELF = YES;
				CLANG_WARN_OBJC_LITERAL_CONVERSION = YES;
				CLANG_WARN_OBJC_ROOT_CLASS = YES_ERROR;
				CLANG_WARN_RANGE_LOOP_ANALYSIS = YES;
				CLANG_WARN_STRICT_PROTOTYPES = YES;
				CLANG_WARN_SUSPICIOUS_MOVE = YES;
				CLANG_WARN_UNGUARDED_AVAILABILITY = YES_AGGRESSIVE;
				CLANG_WARN_UNREACHABLE_CODE = YES;
				CLANG_WARN__DUPLICATE_METHOD_MATCH = YES;
				CODE_SIGN_IDENTITY = "iPhone Developer";
				COPY_PHASE_STRIP = NO;
				DEBUG_INFORMATION_FORMAT = dwarf;
				ENABLE_STRICT_OBJC_MSGSEND = YES;
				ENABLE_TESTABILITY = YES;
				GCC_C_LANGUAGE_STANDARD = gnu11;
				GCC_DYNAMIC_NO_PIC = NO;
				GCC_NO_COMMON_BLOCKS = YES;
				GCC_OPTIMIZATION_LEVEL = 0;
				GCC_PREPROCESSOR_DEFINITIONS = (
					"DEBUG=1",
					"$(inherited)",
				);
				GCC_WARN_64_TO_32_BIT_CONVERSION = YES;
				GCC_WARN_ABOUT_RETURN_TYPE = YES_ERROR;
				GCC_WARN_UNDECLARED_SELECTOR = YES;
				GCC_WARN_UNINITIALIZED_AUTOS = YES_AGGRESSIVE;
				GCC_WARN_UNUSED_FUNCTION = YES;
				GCC_WARN_UNUSED_VARIABLE = YES;
				IPHONEOS_DEPLOYMENT_TARGET = 12.4;
				MTL_ENABLE_DEBUG_INFO = INCLUDE_SOURCE;
				MTL_FAST_MATH = YES;
				ONLY_ACTIVE_ARCH = YES;
				SDKROOT = iphoneos;
				SWIFT_ACTIVE_COMPILATION_CONDITIONS = DEBUG;
				SWIFT_OPTIMIZATION_LEVEL = "-Onone";
			};
			name = Debug;
		};
		F10108FC24C658A300E7AE63 /* Release */ = {
			isa = XCBuildConfiguration;
			buildSettings = {
				ALWAYS_SEARCH_USER_PATHS = NO;
				CLANG_ANALYZER_NONNULL = YES;
				CLANG_ANALYZER_NUMBER_OBJECT_CONVERSION = YES_AGGRESSIVE;
				CLANG_CXX_LANGUAGE_STANDARD = "gnu++14";
				CLANG_CXX_LIBRARY = "libc++";
				CLANG_ENABLE_MODULES = YES;
				CLANG_ENABLE_OBJC_ARC = YES;
				CLANG_ENABLE_OBJC_WEAK = YES;
				CLANG_WARN_BLOCK_CAPTURE_AUTORELEASING = YES;
				CLANG_WARN_BOOL_CONVERSION = YES;
				CLANG_WARN_COMMA = YES;
				CLANG_WARN_CONSTANT_CONVERSION = YES;
				CLANG_WARN_DEPRECATED_OBJC_IMPLEMENTATIONS = YES;
				CLANG_WARN_DIRECT_OBJC_ISA_USAGE = YES_ERROR;
				CLANG_WARN_DOCUMENTATION_COMMENTS = YES;
				CLANG_WARN_EMPTY_BODY = YES;
				CLANG_WARN_ENUM_CONVERSION = YES;
				CLANG_WARN_INFINITE_RECURSION = YES;
				CLANG_WARN_INT_CONVERSION = YES;
				CLANG_WARN_NON_LITERAL_NULL_CONVERSION = YES;
				CLANG_WARN_OBJC_IMPLICIT_RETAIN_SELF = YES;
				CLANG_WARN_OBJC_LITERAL_CONVERSION = YES;
				CLANG_WARN_OBJC_ROOT_CLASS = YES_ERROR;
				CLANG_WARN_RANGE_LOOP_ANALYSIS = YES;
				CLANG_WARN_STRICT_PROTOTYPES = YES;
				CLANG_WARN_SUSPICIOUS_MOVE = YES;
				CLANG_WARN_UNGUARDED_AVAILABILITY = YES_AGGRESSIVE;
				CLANG_WARN_UNREACHABLE_CODE = YES;
				CLANG_WARN__DUPLICATE_METHOD_MATCH = YES;
				CODE_SIGN_IDENTITY = "iPhone Developer";
				COPY_PHASE_STRIP = NO;
				DEBUG_INFORMATION_FORMAT = "dwarf-with-dsym";
				ENABLE_NS_ASSERTIONS = NO;
				ENABLE_STRICT_OBJC_MSGSEND = YES;
				GCC_C_LANGUAGE_STANDARD = gnu11;
				GCC_NO_COMMON_BLOCKS = YES;
				GCC_WARN_64_TO_32_BIT_CONVERSION = YES;
				GCC_WARN_ABOUT_RETURN_TYPE = YES_ERROR;
				GCC_WARN_UNDECLARED_SELECTOR = YES;
				GCC_WARN_UNINITIALIZED_AUTOS = YES_AGGRESSIVE;
				GCC_WARN_UNUSED_FUNCTION = YES;
				GCC_WARN_UNUSED_VARIABLE = YES;
				IPHONEOS_DEPLOYMENT_TARGET = 12.4;
				MTL_ENABLE_DEBUG_INFO = NO;
				MTL_FAST_MATH = YES;
				SDKROOT = iphoneos;
				SWIFT_COMPILATION_MODE = wholemodule;
				SWIFT_OPTIMIZATION_LEVEL = "-O";
				VALIDATE_PRODUCT = YES;
			};
			name = Release;
		};
		F10108FE24C658A300E7AE63 /* Debug */ = {
			isa = XCBuildConfiguration;
			buildSettings = {
				ASSETCATALOG_COMPILER_APPICON_NAME = AppIcon;
				CODE_SIGN_STYLE = Automatic;
				DEVELOPMENT_TEAM = K9MC58R5UY;
				INFOPLIST_FILE = QuoteOfTheDay/Info.plist;
				LD_RUNPATH_SEARCH_PATHS = (
					"$(inherited)",
					"@executable_path/Frameworks",
				);
				PRODUCT_BUNDLE_IDENTIFIER = com.cursoios.QuoteOfTheDay;
				PRODUCT_NAME = "$(TARGET_NAME)";
				SWIFT_VERSION = 5.0;
				TARGETED_DEVICE_FAMILY = "1,2";
			};
			name = Debug;
		};
		F10108FF24C658A300E7AE63 /* Release */ = {
			isa = XCBuildConfiguration;
			buildSettings = {
				ASSETCATALOG_COMPILER_APPICON_NAME = AppIcon;
				CODE_SIGN_STYLE = Automatic;
				DEVELOPMENT_TEAM = K9MC58R5UY;
				INFOPLIST_FILE = QuoteOfTheDay/Info.plist;
				LD_RUNPATH_SEARCH_PATHS = (
					"$(inherited)",
					"@executable_path/Frameworks",
				);
				PRODUCT_BUNDLE_IDENTIFIER = com.cursoios.QuoteOfTheDay;
				PRODUCT_NAME = "$(TARGET_NAME)";
				SWIFT_VERSION = 5.0;
				TARGETED_DEVICE_FAMILY = "1,2";
			};
			name = Release;
		};
/* End XCBuildConfiguration section */

/* Begin XCConfigurationList section */
		F10108E624C658A300E7AE63 /* Build configuration list for PBXProject "QuoteOfTheDay" */ = {
			isa = XCConfigurationList;
			buildConfigurations = (
				F10108FB24C658A300E7AE63 /* Debug */,
				F10108FC24C658A300E7AE63 /* Release */,
			);
			defaultConfigurationIsVisible = 0;
			defaultConfigurationName = Release;
		};
		F10108FD24C658A300E7AE63 /* Build configuration list for PBXNativeTarget "QuoteOfTheDay" */ = {
			isa = XCConfigurationList;
			buildConfigurations = (
				F10108FE24C658A300E7AE63 /* Debug */,
				F10108FF24C658A300E7AE63 /* Release */,
			);
			defaultConfigurationIsVisible = 0;
			defaultConfigurationName = Release;
		};
/* End XCConfigurationList section */
	};
	rootObject = F10108E324C658A300E7AE63 /* Project object */;
}
